
Microsoft Visual Studio Solution File, Format Version 12.00
# Visual Studio Version 16
VisualStudioVersion = 16.0.30204.135
MinimumVisualStudioVersion = 10.0.40219.1
Project("{9A19103F-16F7-4668-BE54-9A1E7A4F7556}") = "CrudOperations", "CrudOperations\CrudOperations.csproj", "{4BDCEB9C-7DEC-4F7F-9A23-B2723F148317}"
EndProject
Project("{9A19103F-16F7-4668-BE54-9A1E7A4F7556}") = "Data", "User\Data.csproj", "{927B03B7-FA85-4F24-8E45-BD63DBEDF654}"
EndProject
Global
	GlobalSection(SolutionConfigurationPlatforms) = preSolution
		Debug|Any CPU = Debug|Any CPU
		Release|Any CPU = Release|Any CPU
	EndGlobalSection
	GlobalSection(ProjectConfigurationPlatforms) = postSolution
		{4BDCEB9C-7DEC-4F7F-9A23-B2723F148317}.Debug|Any CPU.ActiveCfg = Debug|Any CPU
		{4BDCEB9C-7DEC-4F7F-9A23-B2723F148317}.Debug|Any CPU.Build.0 = Debug|Any CPU
		{4BDCEB9C-7DEC-4F7F-9A23-B2723F148317}.Release|Any CPU.ActiveCfg = Release|Any CPU
		{4BDCEB9C-7DEC-4F7F-9A23-B2723F148317}.Release|Any CPU.Build.0 = Release|Any CPU
		{927B03B7-FA85-4F24-8E45-BD63DBEDF654}.Debug|Any CPU.ActiveCfg = Debug|Any CPU
		{927B03B7-FA85-4F24-8E45-BD63DBEDF654}.Debug|Any CPU.Build.0 = Debug|Any CPU
		{927B03B7-FA85-4F24-8E45-BD63DBEDF654}.Release|Any CPU.ActiveCfg = Release|Any CPU
		{927B03B7-FA85-4F24-8E45-BD63DBEDF654}.Release|Any CPU.Build.0 = Release|Any CPU
	EndGlobalSection
	GlobalSection(SolutionProperties) = preSolution
		HideSolutionNode = FALSE
	EndGlobalSection
	GlobalSection(ExtensibilityGlobals) = postSolution
		SolutionGuid = {EABC2BF3-4C8A-4093-930D-70514770DC93}
	EndGlobalSection
EndGlobal
